{
  "name": "ipfs-ens-lambda",
  "version": "0.0.1",
  "lockfileVersion": 1,
  "requires": true,
  "dependencies": {
    "@eximchain/dappbot-types": {
      "version": "1.7.2",
      "resolved": "https://registry.npmjs.org/@eximchain/dappbot-types/-/dappbot-types-1.7.2.tgz",
      "integrity": "sha512-KjCKi6pbEDIVdOtjd6TX3BpO28lH4KCLtadD3LnD13ldRNnmQpd0i5xcef1dWXihFEGH9m74CIfLkS4OyqGL8w==",
      "requires": {
        "@types/lodash.groupby": "^4.6.6",
        "@types/stripe": "6.31.25",
        "lodash.groupby": "^4.6.0",
        "ts-xor": "^1.0.8",
        "typescript": "^3.6.2"
      }
    },
    "@types/aws-sdk": {
      "version": "2.7.0",
      "resolved": "https://registry.npmjs.org/@types/aws-sdk/-/aws-sdk-2.7.0.tgz",
      "integrity": "sha1-g1iLPRTr3KHUzl4CM4dXdWjOgvM=",
      "requires": {
        "aws-sdk": "*"
      }
    },
    "@types/lodash": {
      "version": "4.14.144",
      "resolved": "https://registry.npmjs.org/@types/lodash/-/lodash-4.14.144.tgz",
      "integrity": "sha512-ogI4g9W5qIQQUhXAclq6zhqgqNUr7UlFaqDHbch7WLSLeeM/7d3CRaw7GLajxvyFvhJqw4Rpcz5bhoaYtIx6Tg=="
    },
    "@types/lodash.groupby": {
      "version": "4.6.6",
      "resolved": "https://registry.npmjs.org/@types/lodash.groupby/-/lodash.groupby-4.6.6.tgz",
      "integrity": "sha512-kwg3T7Ia63KtDNoQQR8hKrLHCAgrH4I44l5uEMuA6JCbj7DiSccaV4tNV1vbjtAOpX990SolVthJCmBVtRVRgw==",
      "requires": {
        "@types/lodash": "*"
      }
    },
    "@types/node": {
      "version": "12.0.2",
      "resolved": "https://registry.npmjs.org/@types/node/-/node-12.0.2.tgz",
      "integrity": "sha512-5tabW/i+9mhrfEOUcLDu2xBPsHJ+X5Orqy9FKpale3SjDA17j5AEpYq5vfy3oAeAHGcvANRCO3NV3d2D6q3NiA=="
    },
    "@types/stripe": {
      "version": "6.31.25",
      "resolved": "https://registry.npmjs.org/@types/stripe/-/stripe-6.31.25.tgz",
      "integrity": "sha512-e3MSNfOQp+8c/dR4Io52jzoJFnKLL0k6J9vEAFownNZt6OSqTMAeGFrWo5FEvW42CrJuQ52e3gv2w9TGN4nYrw==",
      "requires": {
        "@types/node": "*"
      }
    },
    "aws-sdk": {
      "version": "2.458.0",
      "resolved": "https://registry.npmjs.org/aws-sdk/-/aws-sdk-2.458.0.tgz",
      "integrity": "sha512-KcP5zA+zrIvQvPafjyPodIlmcwp5mX2VbsMF4ajp02k2IxdL/QiWv0dTU1cZEqb/G4B4LupJX1X2Slx6ZVb8cw==",
      "requires": {
        "buffer": "4.9.1",
        "events": "1.1.1",
        "ieee754": "1.1.8",
        "jmespath": "0.15.0",
        "querystring": "0.2.0",
        "sax": "1.2.1",
        "url": "0.10.3",
        "uuid": "3.3.2",
        "xml2js": "0.4.19"
      }
    },
    "base64-js": {
      "version": "1.3.0",
      "resolved": "https://registry.npmjs.org/base64-js/-/base64-js-1.3.0.tgz",
      "integrity": "sha512-ccav/yGvoa80BQDljCxsmmQ3Xvx60/UpBIij5QN21W3wBi/hhIC9OoO+KLpu9IJTS9j4DRVJ3aDDF9cMSoa2lw=="
    },
    "buffer": {
      "version": "4.9.1",
      "resolved": "https://registry.npmjs.org/buffer/-/buffer-4.9.1.tgz",
      "integrity": "sha1-bRu2AbB6TvztlwlBMgkwJ8lbwpg=",
      "requires": {
        "base64-js": "^1.0.2",
        "ieee754": "^1.1.4",
        "isarray": "^1.0.0"
      }
    },
    "events": {
      "version": "1.1.1",
      "resolved": "https://registry.npmjs.org/events/-/events-1.1.1.tgz",
      "integrity": "sha1-nr23Y1rQmccNzEwqH1AEKI6L2SQ="
    },
    "ieee754": {
      "version": "1.1.8",
      "resolved": "https://registry.npmjs.org/ieee754/-/ieee754-1.1.8.tgz",
      "integrity": "sha1-vjPUCsEO8ZJnAfbwii2G+/0a0+Q="
    },
    "isarray": {
      "version": "1.0.0",
      "resolved": "https://registry.npmjs.org/isarray/-/isarray-1.0.0.tgz",
      "integrity": "sha1-u5NdSFgsuhaMBoNJV6VKPgcSTxE="
    },
    "jmespath": {
      "version": "0.15.0",
      "resolved": "https://registry.npmjs.org/jmespath/-/jmespath-0.15.0.tgz",
      "integrity": "sha1-o/Iiqarp+Wb10nx5ZRDigJF2Qhc="
    },
    "lodash.groupby": {
      "version": "4.6.0",
      "resolved": "https://registry.npmjs.org/lodash.groupby/-/lodash.groupby-4.6.0.tgz",
      "integrity": "sha1-Cwih3PaDl8OXhVwyOXg4Mt90A9E="
    },
    "punycode": {
      "version": "1.3.2",
      "resolved": "https://registry.npmjs.org/punycode/-/punycode-1.3.2.tgz",
      "integrity": "sha1-llOgNvt8HuQjQvIyXM7v6jkmxI0="
    },
    "querystring": {
      "version": "0.2.0",
      "resolved": "https://registry.npmjs.org/querystring/-/querystring-0.2.0.tgz",
      "integrity": "sha1-sgmEkgO7Jd+CDadW50cAWHhSFiA="
    },
    "sax": {
      "version": "1.2.1",
      "resolved": "https://registry.npmjs.org/sax/-/sax-1.2.1.tgz",
      "integrity": "sha1-e45lYZCyKOgaZq6nSEgNgozS03o="
    },
    "ts-xor": {
      "version": "1.0.8",
      "resolved": "https://registry.npmjs.org/ts-xor/-/ts-xor-1.0.8.tgz",
      "integrity": "sha512-0u70/SDLSCaX23UddnwAb2GvZZ2N0Rbjnmemn5pHoR40D32Xcva5KRGWV9SdJOKHCjJUlmctmCTvT0z+2yT8aw=="
    },
    "typescript": {
      "version": "3.6.4",
      "resolved": "https://registry.npmjs.org/typescript/-/typescript-3.6.4.tgz",
      "integrity": "sha512-unoCll1+l+YK4i4F8f22TaNVPRHcD9PA3yCuZ8g5e0qGqlVlJ/8FSateOLLSagn+Yg5+ZwuPkL8LFUc0Jcvksg=="
    },
    "url": {
      "version": "0.10.3",
      "resolved": "https://registry.npmjs.org/url/-/url-0.10.3.tgz",
      "integrity": "sha1-Ah5NnHcF8hu/N9A861h2dAJ3TGQ=",
      "requires": {
        "punycode": "1.3.2",
        "querystring": "0.2.0"
      }
    },
    "uuid": {
      "version": "3.3.2",
      "resolved": "https://registry.npmjs.org/uuid/-/uuid-3.3.2.tgz",
      "integrity": "sha512-yXJmeNaw3DnnKAOKJE51sL/ZaYfWJRl1pK9dr19YFCu0ObS231AB1/LbqTKRAQ5kw8A90rA6fr4riOUpTZvQZA=="
    },
    "xml2js": {
      "version": "0.4.19",
      "resolved": "https://registry.npmjs.org/xml2js/-/xml2js-0.4.19.tgz",
      "integrity": "sha512-esZnJZJOiJR9wWKMyuvSE1y6Dq5LCuJanqhxslH2bxM6duahNZ+HMpCLhBQGZkbX6xRf8x1Y2eJlgt2q3qo49Q==",
      "requires": {
        "sax": ">=0.6.0",
        "xmlbuilder": "~9.0.1"
      }
    },
    "xmlbuilder": {
      "version": "9.0.7",
      "resolved": "https://registry.npmjs.org/xmlbuilder/-/xmlbuilder-9.0.7.tgz",
      "integrity": "sha1-Ey7mPS7FVlxVfiD0wi35rKaGsQ0="
    }
  }
}
